
Microsoft Visual Studio Solution File, Format Version 12.00
# Visual Studio Version 17
VisualStudioVersion = 17.4.33205.214
MinimumVisualStudioVersion = 10.0.40219.1
Project("{FAE04EC0-301F-11D3-BF4B-00C04F79EFBC}") = "GenfanadClient", "GenfanadClient.csproj", "{89037178-B336-42E7-9DCE-08CD5337CFAD}"
EndProject
Global
	GlobalSection(SolutionConfigurationPlatforms) = preSolution
		Debug|Any CPU = Debug|Any CPU
		Release|Any CPU = Release|Any CPU
	EndGlobalSection
	GlobalSection(ProjectConfigurationPlatforms) = postSolution
		{89037178-B336-42E7-9DCE-08CD5337CFAD}.Debug|Any CPU.ActiveCfg = Debug|Any CPU
		{89037178-B336-42E7-9DCE-08CD5337CFAD}.Debug|Any CPU.Build.0 = Debug|Any CPU
		{89037178-B336-42E7-9DCE-08CD5337CFAD}.Release|Any CPU.ActiveCfg = Release|Any CPU
		{89037178-B336-42E7-9DCE-08CD5337CFAD}.Release|Any CPU.Build.0 = Release|Any CPU
	EndGlobalSection
	GlobalSection(SolutionProperties) = preSolution
		HideSolutionNode = FALSE
	EndGlobalSection
	GlobalSection(ExtensibilityGlobals) = postSolution
		SolutionGuid = {7B83FD12-A8BF-48BA-B77B-51798FAA1341}
	EndGlobalSection
EndGlobal
